{
  "name": "typescript-dotnet-promises",
  "version": "1.0.4-preview",
  "lockfileVersion": 1,
  "requires": true,
  "dependencies": {
    "tslib": {
      "version": "1.9.3",
      "resolved": "https://registry.npmjs.org/tslib/-/tslib-1.9.3.tgz",
      "integrity": "sha512-4krF8scpejhaOgqzBEcGM7yDIEfi0/8+8zDRZhNZZ2kjmHJ4hv3zCbQWxoJGz1iw5U0Jl0nma13xzHXcncMavQ=="
    },
    "typescript-dotnet-core": {
      "version": "1.0.4-preview",
      "resolved": "https://registry.npmjs.org/typescript-dotnet-core/-/typescript-dotnet-core-1.0.4-preview.tgz",
      "integrity": "sha512-jkc87DfaOAkANj7x/VGp3E/X/y0hpAIrUvh9TuYcyrOSl0PnOC1/isyHG3rSaK2PXU7Rm/tkMOMv2xpYkuIHvA==",
      "requires": {
        "tslib": "^1.9.3"
      }
    },
    "typescript-dotnet-observables": {
      "version": "1.0.4-preview",
      "resolved": "https://registry.npmjs.org/typescript-dotnet-observables/-/typescript-dotnet-observables-1.0.4-preview.tgz",
      "integrity": "sha512-/5/0hh5TuOzT1OGP/juMS09MB3nDSvlE3McqNQEaUR85oph/B8DVXMLnjLOwnUizg9UYlzTUcqWx3Mb/F+wtAg==",
      "requires": {
        "tslib": "^1.9.3",
        "typescript-dotnet-core": "^1.0.4-preview"
      }
    },
    "typescript-dotnet-threading": {
      "version": "1.0.4-preview",
      "resolved": "https://registry.npmjs.org/typescript-dotnet-threading/-/typescript-dotnet-threading-1.0.4-preview.tgz",
      "integrity": "sha512-nLS9GOMcWLiBgokqElOQ1ywc/NGgC8DLTn36UI+14HzpXVMkhivhPq+T1NlF9OPtLps6U/5ZPGfep/TGxaB9BA==",
      "requires": {
        "tslib": "^1.9.3",
        "typescript-dotnet-core": "^1.0.4-preview",
        "typescript-dotnet-observables": "^1.0.4-preview"
      }
    }
  }
}
