{
  "name": "typescript-dotnet-web",
  "version": "1.0.3-preview",
  "lockfileVersion": 1,
  "requires": true,
  "dependencies": {
    "typescript-dotnet-core": {
      "version": "1.0.3-preview",
      "resolved": "https://registry.npmjs.org/typescript-dotnet-core/-/typescript-dotnet-core-1.0.3-preview.tgz",
      "integrity": "sha512-yhgIVuO4RLWnVRvugNY+evICzqG35zxveH+Wf9WAOt7lpwr0MpDlJ7hMXi9mkmeoMlJkVvp/QiM0H50/dBgOZw==",
      "requires": {
        "tslib": "^1.9.3"
      },
      "dependencies": {
        "tslib": {
          "version": "1.9.3",
          "resolved": "https://registry.npmjs.org/tslib/-/tslib-1.9.3.tgz",
          "integrity": "sha512-4krF8scpejhaOgqzBEcGM7yDIEfi0/8+8zDRZhNZZ2kjmHJ4hv3zCbQWxoJGz1iw5U0Jl0nma13xzHXcncMavQ=="
        }
      }
    }
  }
}
