{
  "name": "typescript-dotnet-threading",
  "version": "1.0.2-preview",
  "lockfileVersion": 1,
  "requires": true,
  "dependencies": {
    "tslib": {
      "version": "1.9.3",
      "resolved": "https://registry.npmjs.org/tslib/-/tslib-1.9.3.tgz",
      "integrity": "sha512-4krF8scpejhaOgqzBEcGM7yDIEfi0/8+8zDRZhNZZ2kjmHJ4hv3zCbQWxoJGz1iw5U0Jl0nma13xzHXcncMavQ=="
    },
    "typescript-dotnet-core": {
      "version": "1.0.2-preview",
      "resolved": "https://registry.npmjs.org/typescript-dotnet-core/-/typescript-dotnet-core-1.0.2-preview.tgz",
      "integrity": "sha512-yqVGAkJaOJdcqE60DA2GIpmH+WObMoxwNeS9qzmVQr3CXXxch2w/oQCFrgBOGlY82lA9pNfLBRcqWWl1eX/YvQ==",
      "requires": {
        "tslib": "^1.9.3"
      }
    },
    "typescript-dotnet-observables": {
      "version": "1.0.2-preview",
      "resolved": "https://registry.npmjs.org/typescript-dotnet-observables/-/typescript-dotnet-observables-1.0.2-preview.tgz",
      "integrity": "sha512-0DUmmft240xEyA26bO6oKLPjD6h+C8/03jbWvuz1t8xdcjFrrDMr7rdvmKiiPHf2YMlkpybMhuyKN+BKtbJZvA==",
      "requires": {
        "tslib": "^1.9.3",
        "typescript-dotnet-core": "^1.0.2-preview"
      }
    }
  }
}
