{
  "name": "typescript-dotnet-observables",
  "version": "1.0.4-preview",
  "lockfileVersion": 1,
  "requires": true,
  "dependencies": {
    "tslib": {
      "version": "1.9.3",
      "resolved": "https://registry.npmjs.org/tslib/-/tslib-1.9.3.tgz",
      "integrity": "sha512-4krF8scpejhaOgqzBEcGM7yDIEfi0/8+8zDRZhNZZ2kjmHJ4hv3zCbQWxoJGz1iw5U0Jl0nma13xzHXcncMavQ=="
    },
    "typescript-dotnet-core": {
      "version": "1.0.4-preview",
      "resolved": "https://registry.npmjs.org/typescript-dotnet-core/-/typescript-dotnet-core-1.0.4-preview.tgz",
      "integrity": "sha512-jkc87DfaOAkANj7x/VGp3E/X/y0hpAIrUvh9TuYcyrOSl0PnOC1/isyHG3rSaK2PXU7Rm/tkMOMv2xpYkuIHvA==",
      "requires": {
        "tslib": "^1.9.3"
      }
    }
  }
}
